// !$*UTF8*$!
{
	archiveVersion = 1;
	classes = {
	};
	objectVersion = 46;
	objects = {

/* Begin PBXBuildFile section */
		A52CE4F11D2278B800E79F2F /* AppDelegate.swift in Sources */ = {isa = PBXBuildFile; fileRef = A52CE4F01D2278B800E79F2F /* AppDelegate.swift */; };
		A52CE4F31D2278B800E79F2F /* ViewController.swift in Sources */ = {isa = PBXBuildFile; fileRef = A52CE4F21D2278B800E79F2F /* ViewController.swift */; };
		A52CE4F61D2278B900E79F2F /* Main.storyboard in Resources */ = {isa = PBXBuildFile; fileRef = A52CE4F41D2278B900E79F2F /* Main.storyboard */; };
		A52CE4F91D2278B900E79F2F /* Hackathon.xcdatamodeld in Sources */ = {isa = PBXBuildFile; fileRef = A52CE4F71D2278B900E79F2F /* Hackathon.xcdatamodeld */; };
		A52CE4FB1D2278B900E79F2F /* Assets.xcassets in Resources */ = {isa = PBXBuildFile; fileRef = A52CE4FA1D2278B900E79F2F /* Assets.xcassets */; };
		A52CE4FE1D2278B900E79F2F /* LaunchScreen.storyboard in Resources */ = {isa = PBXBuildFile; fileRef = A52CE4FC1D2278B900E79F2F /* LaunchScreen.storyboard */; };
		A5F8AE281D2340350004C015 /* libsqlite3.tbd in Frameworks */ = {isa = PBXBuildFile; fileRef = A5F8AE271D2340350004C015 /* libsqlite3.tbd */; };
/* End PBXBuildFile section */

/* Begin PBXFileReference section */
		A52CE4ED1D2278B800E79F2F /* Hackathon.app */ = {isa = PBXFileReference; explicitFileType = wrapper.application; includeInIndex = 0; path = Hackathon.app; sourceTree = BUILT_PRODUCTS_DIR; };
		A52CE4F01D2278B800E79F2F /* AppDelegate.swift */ = {isa = PBXFileReference; lastKnownFileType = sourcecode.swift; path = AppDelegate.swift; sourceTree = "<group>"; };
		A52CE4F21D2278B800E79F2F /* ViewController.swift */ = {isa = PBXFileReference; lastKnownFileType = sourcecode.swift; path = ViewController.swift; sourceTree = "<group>"; };
		A52CE4F51D2278B900E79F2F /* Base */ = {isa = PBXFileReference; lastKnownFileType = file.storyboard; name = Base; path = Base.lproj/Main.storyboard; sourceTree = "<group>"; };
		A52CE4F81D2278B900E79F2F /* Hackathon.xcdatamodel */ = {isa = PBXFileReference; lastKnownFileType = wrapper.xcdatamodel; path = Hackathon.xcdatamodel; sourceTree = "<group>"; };
		A52CE4FA1D2278B900E79F2F /* Assets.xcassets */ = {isa = PBXFileReference; lastKnownFileType = folder.assetcatalog; path = Assets.xcassets; sourceTree = "<group>"; };
		A52CE4FD1D2278B900E79F2F /* Base */ = {isa = PBXFileReference; lastKnownFileType = file.storyboard; name = Base; path = Base.lproj/LaunchScreen.storyboard; sourceTree = "<group>"; };
		A52CE4FF1D2278B900E79F2F /* Info.plist */ = {isa = PBXFileReference; lastKnownFileType = text.plist.xml; path = Info.plist; sourceTree = "<group>"; };
		A52CE5051D228EB500E79F2F /* bridging-header.h */ = {isa = PBXFileReference; fileEncoding = 4; lastKnownFileType = sourcecode.c.h; path = "bridging-header.h"; sourceTree = "<group>"; };
		A5F8AE271D2340350004C015 /* libsqlite3.tbd */ = {isa = PBXFileReference; lastKnownFileType = "sourcecode.text-based-dylib-definition"; name = libsqlite3.tbd; path = usr/lib/libsqlite3.tbd; sourceTree = SDKROOT; };
		A5F8AE291D234E9D0004C015 /* CameraViolations.db */ = {isa = PBXFileReference; lastKnownFileType = file; path = CameraViolations.db; sourceTree = "<group>"; };
/* End PBXFileReference section */

/* Begin PBXFrameworksBuildPhase section */
		A52CE4EA1D2278B800E79F2F /* Frameworks */ = {
			isa = PBXFrameworksBuildPhase;
			buildActionMask = 2147483647;
			files = (
				A5F8AE281D2340350004C015 /* libsqlite3.tbd in Frameworks */,
			);
			runOnlyForDeploymentPostprocessing = 0;
		};
/* End PBXFrameworksBuildPhase section */

/* Begin PBXGroup section */
		A52CE4E41D2278B800E79F2F = {
			isa = PBXGroup;
			children = (
				A5F8AE271D2340350004C015 /* libsqlite3.tbd */,
				A52CE4EF1D2278B800E79F2F /* Hackathon */,
				A52CE4EE1D2278B800E79F2F /* Products */,
			);
			sourceTree = "<group>";
		};
		A52CE4EE1D2278B800E79F2F /* Products */ = {
			isa = PBXGroup;
			children = (
				A52CE4ED1D2278B800E79F2F /* Hackathon.app */,
			);
			name = Products;
			sourceTree = "<group>";
		};
		A52CE4EF1D2278B800E79F2F /* Hackathon */ = {
			isa = PBXGroup;
			children = (
				A52CE4F01D2278B800E79F2F /* AppDelegate.swift */,
				A52CE4F21D2278B800E79F2F /* ViewController.swift */,
				A52CE4F41D2278B900E79F2F /* Main.storyboard */,
				A52CE4FA1D2278B900E79F2F /* Assets.xcassets */,
				A52CE5051D228EB500E79F2F /* bridging-header.h */,
				A5F8AE291D234E9D0004C015 /* CameraViolations.db */,
				A52CE4FC1D2278B900E79F2F /* LaunchScreen.storyboard */,
				A52CE4FF1D2278B900E79F2F /* Info.plist */,
				A52CE4F71D2278B900E79F2F /* Hackathon.xcdatamodeld */,
			);
			path = Hackathon;
			sourceTree = "<group>";
		};
/* End PBXGroup section */

/* Begin PBXNativeTarget section */
		A52CE4EC1D2278B800E79F2F /* Hackathon */ = {
			isa = PBXNativeTarget;
			buildConfigurationList = A52CE5021D2278B900E79F2F /* Build configuration list for PBXNativeTarget "Hackathon" */;
			buildPhases = (
				A52CE4E91D2278B800E79F2F /* Sources */,
				A52CE4EA1D2278B800E79F2F /* Frameworks */,
				A52CE4EB1D2278B800E79F2F /* Resources */,
			);
			buildRules = (
			);
			dependencies = (
			);
			name = Hackathon;
			productName = Hackathon;
			productReference = A52CE4ED1D2278B800E79F2F /* Hackathon.app */;
			productType = "com.apple.product-type.application";
		};
/* End PBXNativeTarget section */

/* Begin PBXProject section */
		A52CE4E51D2278B800E79F2F /* Project object */ = {
			isa = PBXProject;
			attributes = {
				LastSwiftUpdateCheck = 0730;
				LastUpgradeCheck = 0730;
				ORGANIZATIONNAME = "Sami Ahmad Khan";
				TargetAttributes = {
					A52CE4EC1D2278B800E79F2F = {
						CreatedOnToolsVersion = 7.3.1;
					};
				};
			};
			buildConfigurationList = A52CE4E81D2278B800E79F2F /* Build configuration list for PBXProject "Hackathon" */;
			compatibilityVersion = "Xcode 3.2";
			developmentRegion = English;
			hasScannedForEncodings = 0;
			knownRegions = (
				en,
				Base,
			);
			mainGroup = A52CE4E41D2278B800E79F2F;
			productRefGroup = A52CE4EE1D2278B800E79F2F /* Products */;
			projectDirPath = "";
			projectRoot = "";
			targets = (
				A52CE4EC1D2278B800E79F2F /* Hackathon */,
			);
		};
/* End PBXProject section */

/* Begin PBXResourcesBuildPhase section */
		A52CE4EB1D2278B800E79F2F /* Resources */ = {
			isa = PBXResourcesBuildPhase;
			buildActionMask = 2147483647;
			files = (
				A52CE4FE1D2278B900E79F2F /* LaunchScreen.storyboard in Resources */,
				A52CE4FB1D2278B900E79F2F /* Assets.xcassets in Resources */,
				A52CE4F61D2278B900E79F2F /* Main.storyboard in Resources */,
			);
			runOnlyForDeploymentPostprocessing = 0;
		};
/* End PBXResourcesBuildPhase section */

/* Begin PBXSourcesBuildPhase section */
		A52CE4E91D2278B800E79F2F /* Sources */ = {
			isa = PBXSourcesBuildPhase;
			buildActionMask = 2147483647;
			files = (
				A52CE4F31D2278B800E79F2F /* ViewController.swift in Sources */,
				A52CE4F11D2278B800E79F2F /* AppDelegate.swift in Sources */,
				A52CE4F91D2278B900E79F2F /* Hackathon.xcdatamodeld in Sources */,
			);
			runOnlyForDeploymentPostprocessing = 0;
		};
/* End PBXSourcesBuildPhase section */

/* Begin PBXVariantGroup section */
		A52CE4F41D2278B900E79F2F /* Main.storyboard */ = {
			isa = PBXVariantGroup;
			children = (
				A52CE4F51D2278B900E79F2F /* Base */,
			);
			name = Main.storyboard;
			sourceTree = "<group>";
		};
		A52CE4FC1D2278B900E79F2F /* LaunchScreen.storyboard */ = {
			isa = PBXVariantGroup;
			children = (
				A52CE4FD1D2278B900E79F2F /* Base */,
			);
			name = LaunchScreen.storyboard;
			sourceTree = "<group>";
		};
/* End PBXVariantGroup section */

/* Begin XCBuildConfiguration section */
		A52CE5001D2278B900E79F2F /* Debug */ = {
			isa = XCBuildConfiguration;
			buildSettings = {
				ALWAYS_SEARCH_USER_PATHS = NO;
				CLANG_ANALYZER_NONNULL = YES;
				CLANG_CXX_LANGUAGE_STANDARD = "gnu++0x";
				CLANG_CXX_LIBRARY = "libc++";
				CLANG_ENABLE_MODULES = YES;
				CLANG_ENABLE_OBJC_ARC = YES;
				CLANG_WARN_BOOL_CONVERSION = YES;
				CLANG_WARN_CONSTANT_CONVERSION = YES;
				CLANG_WARN_DIRECT_OBJC_ISA_USAGE = YES_ERROR;
				CLANG_WARN_EMPTY_BODY = YES;
				CLANG_WARN_ENUM_CONVERSION = YES;
				CLANG_WARN_INT_CONVERSION = YES;
				CLANG_WARN_OBJC_ROOT_CLASS = YES_ERROR;
				CLANG_WARN_UNREACHABLE_CODE = YES;
				CLANG_WARN__DUPLICATE_METHOD_MATCH = YES;
				"CODE_SIGN_IDENTITY[sdk=iphoneos*]" = "iPhone Developer";
				COPY_PHASE_STRIP = NO;
				DEBUG_INFORMATION_FORMAT = dwarf;
				ENABLE_STRICT_OBJC_MSGSEND = YES;
				ENABLE_TESTABILITY = YES;
				GCC_C_LANGUAGE_STANDARD = gnu99;
				GCC_DYNAMIC_NO_PIC = NO;
				GCC_NO_COMMON_BLOCKS = YES;
				GCC_OPTIMIZATION_LEVEL = 0;
				GCC_PREPROCESSOR_DEFINITIONS = (
					"DEBUG=1",
					"$(inherited)",
				);
				GCC_WARN_64_TO_32_BIT_CONVERSION = YES;
				GCC_WARN_ABOUT_RETURN_TYPE = YES_ERROR;
				GCC_WARN_UNDECLARED_SELECTOR = YES;
				GCC_WARN_UNINITIALIZED_AUTOS = YES_AGGRESSIVE;
				GCC_WARN_UNUSED_FUNCTION = YES;
				GCC_WARN_UNUSED_VARIABLE = YES;
				IPHONEOS_DEPLOYMENT_TARGET = 9.3;
				MTL_ENABLE_DEBUG_INFO = YES;
				ONLY_ACTIVE_ARCH = YES;
				SDKROOT = iphoneos;
				SWIFT_OPTIMIZATION_LEVEL = "-Onone";
			};
			name = Debug;
		};
		A52CE5011D2278B900E79F2F /* Release */ = {
			isa = XCBuildConfiguration;
			buildSettings = {
				ALWAYS_SEARCH_USER_PATHS = NO;
				CLANG_ANALYZER_NONNULL = YES;
				CLANG_CXX_LANGUAGE_STANDARD = "gnu++0x";
				CLANG_CXX_LIBRARY = "libc++";
				CLANG_ENABLE_MODULES = YES;
				CLANG_ENABLE_OBJC_ARC = YES;
				CLANG_WARN_BOOL_CONVERSION = YES;
				CLANG_WARN_CONSTANT_CONVERSION = YES;
				CLANG_WARN_DIRECT_OBJC_ISA_USAGE = YES_ERROR;
				CLANG_WARN_EMPTY_BODY = YES;
				CLANG_WARN_ENUM_CONVERSION = YES;
				CLANG_WARN_INT_CONVERSION = YES;
				CLANG_WARN_OBJC_ROOT_CLASS = YES_ERROR;
				CLANG_WARN_UNREACHABLE_CODE = YES;
				CLANG_WARN__DUPLICATE_METHOD_MATCH = YES;
				"CODE_SIGN_IDENTITY[sdk=iphoneos*]" = "iPhone Developer";
				COPY_PHASE_STRIP = NO;
				DEBUG_INFORMATION_FORMAT = "dwarf-with-dsym";
				ENABLE_NS_ASSERTIONS = NO;
				ENABLE_STRICT_OBJC_MSGSEND = YES;
				GCC_C_LANGUAGE_STANDARD = gnu99;
				GCC_NO_COMMON_BLOCKS = YES;
				GCC_WARN_64_TO_32_BIT_CONVERSION = YES;
				GCC_WARN_ABOUT_RETURN_TYPE = YES_ERROR;
				GCC_WARN_UNDECLARED_SELECTOR = YES;
				GCC_WARN_UNINITIALIZED_AUTOS = YES_AGGRESSIVE;
				GCC_WARN_UNUSED_FUNCTION = YES;
				GCC_WARN_UNUSED_VARIABLE = YES;
				IPHONEOS_DEPLOYMENT_TARGET = 9.3;
				MTL_ENABLE_DEBUG_INFO = NO;
				SDKROOT = iphoneos;
				VALIDATE_PRODUCT = YES;
			};
			name = Release;
		};
		A52CE5031D2278B900E79F2F /* Debug */ = {
			isa = XCBuildConfiguration;
			buildSettings = {
				ASSETCATALOG_COMPILER_APPICON_NAME = AppIcon;
				INFOPLIST_FILE = Hackathon/Info.plist;
				LD_RUNPATH_SEARCH_PATHS = "$(inherited) @executable_path/Frameworks";
				LIBRARY_SEARCH_PATHS = (
					"$(inherited)",
					"$(PROJECT_DIR)/Hackathon",
				);
				PRODUCT_BUNDLE_IDENTIFIER = sami.iit.edu.Hackathon;
				PRODUCT_NAME = "$(TARGET_NAME)";
				"SWIFT_OBJC_BRIDGING_HEADER[arch=*]" = "Hackathon/bridging-header.h";
			};
			name = Debug;
		};
		A52CE5041D2278B900E79F2F /* Release */ = {
			isa = XCBuildConfiguration;
			buildSettings = {
				ASSETCATALOG_COMPILER_APPICON_NAME = AppIcon;
				INFOPLIST_FILE = Hackathon/Info.plist;
				LD_RUNPATH_SEARCH_PATHS = "$(inherited) @executable_path/Frameworks";
				LIBRARY_SEARCH_PATHS = (
					"$(inherited)",
					"$(PROJECT_DIR)/Hackathon",
				);
				PRODUCT_BUNDLE_IDENTIFIER = sami.iit.edu.Hackathon;
				PRODUCT_NAME = "$(TARGET_NAME)";
			};
			name = Release;
		};
/* End XCBuildConfiguration section */

/* Begin XCConfigurationList section */
		A52CE4E81D2278B800E79F2F /* Build configuration list for PBXProject "Hackathon" */ = {
			isa = XCConfigurationList;
			buildConfigurations = (
				A52CE5001D2278B900E79F2F /* Debug */,
				A52CE5011D2278B900E79F2F /* Release */,
			);
			defaultConfigurationIsVisible = 0;
			defaultConfigurationName = Release;
		};
		A52CE5021D2278B900E79F2F /* Build configuration list for PBXNativeTarget "Hackathon" */ = {
			isa = XCConfigurationList;
			buildConfigurations = (
				A52CE5031D2278B900E79F2F /* Debug */,
				A52CE5041D2278B900E79F2F /* Release */,
			);
			defaultConfigurationIsVisible = 0;
			defaultConfigurationName = Release;
		};
/* End XCConfigurationList section */

/* Begin XCVersionGroup section */
		A52CE4F71D2278B900E79F2F /* Hackathon.xcdatamodeld */ = {
			isa = XCVersionGroup;
			children = (
				A52CE4F81D2278B900E79F2F /* Hackathon.xcdatamodel */,
			);
			currentVersion = A52CE4F81D2278B900E79F2F /* Hackathon.xcdatamodel */;
			path = Hackathon.xcdatamodeld;
			sourceTree = "<group>";
			versionGroupType = wrapper.xcdatamodel;
		};
/* End XCVersionGroup section */
	};
	rootObject = A52CE4E51D2278B800E79F2F /* Project object */;
}
